lockfileVersion: '6.0'

settings:
  autoInstallPeers: true
  excludeLinksFromLockfile: false

dependencies:
  '@tanstack/query-sync-storage-persister':
    specifier: ^5.62.16
    version: 5.62.16
  '@tanstack/react-query-persist-client':
    specifier: ^5.63.0
    version: 5.63.0(@tanstack/react-query@5.63.0)(react@19.0.0)

packages:

  /@tanstack/query-core@5.62.16:
    resolution: {integrity: sha512-9Sgft7Qavcd+sN0V25xVyo0nfmcZXBuODy3FVG7BMWTg1HMLm8wwG5tNlLlmSic1u7l1v786oavn+STiFaPH2g==}
    dev: false

  /@tanstack/query-persist-client-core@5.62.16:
    resolution: {integrity: sha512-gCBGgXMVpb75N0s+KOtLkaNq/YxlJzW0y++Zn41E0ZkKEthwV54Q7oshrJpA6yUcm4Q6b1+BT8xYRx+PLWDaPg==}
    dependencies:
      '@tanstack/query-core': 5.62.16
    dev: false

  /@tanstack/query-sync-storage-persister@5.62.16:
    resolution: {integrity: sha512-clZ+llkIkDtMSwfZ/Ic84zk9dSA2s3JaJW1hFKwkQMHWRJNnUIfvT+5C+8uHXFp0IYkYC2Ja9prNipz9DuljCw==}
    dependencies:
      '@tanstack/query-core': 5.62.16
      '@tanstack/query-persist-client-core': 5.62.16
    dev: false

  /@tanstack/react-query-persist-client@5.63.0(@tanstack/react-query@5.63.0)(react@19.0.0):
    resolution: {integrity: sha512-BQu1H4M+6GOkhXZb2RdZfpxF9Oh4RBDFr+XCZUx2q17ulyqhYd7aFhAY8dgUEoRWtWMQVJuXkHYH0o5IN1XBXw==}
    peerDependencies:
      '@tanstack/react-query': ^5.63.0
      react: ^18 || ^19
    dependencies:
      '@tanstack/query-persist-client-core': 5.62.16
      '@tanstack/react-query': 5.63.0(react@19.0.0)
      react: 19.0.0
    dev: false

  /@tanstack/react-query@5.63.0(react@19.0.0):
    resolution: {integrity: sha512-QWizLzSiog8xqIRYmuJRok9VELlXVBAwtINgVCgW1SNvamQwWDO5R0XFSkjoBEj53x9Of1KAthLRBUC5xmtVLQ==}
    peerDependencies:
      react: ^18 || ^19
    dependencies:
      '@tanstack/query-core': 5.62.16
      react: 19.0.0
    dev: false

  /react@19.0.0:
    resolution: {integrity: sha512-V8AVnmPIICiWpGfm6GLzCR/W5FXLchHop40W4nXBmdlEceh16rCN8O8LNWm5bh5XUX91fh7KpA+W0TgMKmgTpQ==}
    engines: {node: '>=0.10.0'}
    dev: false
